PODS:
  - arxa_kit_studio_transport (0.1.0):
    - Flutter
  - Flutter (1.0.0)

DEPENDENCIES:
  - arxa_kit_studio_transport (from `.symlinks/plugins/arxa_kit_studio_transport/ios`)
  - Flutter (from `Flutter`)

EXTERNAL SOURCES:
  arxa_kit_studio_transport:
    :path: ".symlinks/plugins/arxa_kit_studio_transport/ios"
  Flutter:
    :path: Flutter

SPEC CHECKSUMS:
  arxa_kit_studio_transport: 4775621e78385b778bdefdba80a1c420b85f21fc
  Flutter: cabc95a1d2626b1b06e7179b784ebcf0c0cde467

PODFILE CHECKSUM: 39152c5190049db2e3be9b5965d8063e34d27216

COCOAPODS: 1.16.2
